// !$*UTF8*$!
{
	archiveVersion = 1;
	classes = {
	};
	objectVersion = 50;
	objects = {

/* Begin PBXBuildFile section */
		8667974D225405DD00AB5928 /* AppDelegate.swift in Sources */ = {isa = PBXBuildFile; fileRef = 8667974C225405DD00AB5928 /* AppDelegate.swift */; };
		8667974F225405DD00AB5928 /* GameScene.sks in Resources */ = {isa = PBXBuildFile; fileRef = 8667974E225405DD00AB5928 /* GameScene.sks */; };
		86679751225405DD00AB5928 /* Actions.sks in Resources */ = {isa = PBXBuildFile; fileRef = 86679750225405DD00AB5928 /* Actions.sks */; };
		86679753225405DD00AB5928 /* GameScene.swift in Sources */ = {isa = PBXBuildFile; fileRef = 86679752225405DD00AB5928 /* GameScene.swift */; };
		86679755225405DD00AB5928 /* GameViewController.swift in Sources */ = {isa = PBXBuildFile; fileRef = 86679754225405DD00AB5928 /* GameViewController.swift */; };
		86679758225405DE00AB5928 /* Main.storyboard in Resources */ = {isa = PBXBuildFile; fileRef = 86679756225405DE00AB5928 /* Main.storyboard */; };
		8667975A225405DF00AB5928 /* Assets.xcassets in Resources */ = {isa = PBXBuildFile; fileRef = 86679759225405DF00AB5928 /* Assets.xcassets */; };
		8667975D225405DF00AB5928 /* LaunchScreen.storyboard in Resources */ = {isa = PBXBuildFile; fileRef = 8667975B225405DF00AB5928 /* LaunchScreen.storyboard */; };
/* End PBXBuildFile section */

/* Begin PBXFileReference section */
		86679749225405DD00AB5928 /* AlienDev.app */ = {isa = PBXFileReference; explicitFileType = wrapper.application; includeInIndex = 0; path = AlienDev.app; sourceTree = BUILT_PRODUCTS_DIR; };
		8667974C225405DD00AB5928 /* AppDelegate.swift */ = {isa = PBXFileReference; lastKnownFileType = sourcecode.swift; path = AppDelegate.swift; sourceTree = "<group>"; };
		8667974E225405DD00AB5928 /* GameScene.sks */ = {isa = PBXFileReference; lastKnownFileType = file.sks; path = GameScene.sks; sourceTree = "<group>"; };
		86679750225405DD00AB5928 /* Actions.sks */ = {isa = PBXFileReference; lastKnownFileType = file.sks; path = Actions.sks; sourceTree = "<group>"; };
		86679752225405DD00AB5928 /* GameScene.swift */ = {isa = PBXFileReference; lastKnownFileType = sourcecode.swift; path = GameScene.swift; sourceTree = "<group>"; };
		86679754225405DD00AB5928 /* GameViewController.swift */ = {isa = PBXFileReference; lastKnownFileType = sourcecode.swift; path = GameViewController.swift; sourceTree = "<group>"; };
		86679757225405DE00AB5928 /* Base */ = {isa = PBXFileReference; lastKnownFileType = file.storyboard; name = Base; path = Base.lproj/Main.storyboard; sourceTree = "<group>"; };
		86679759225405DF00AB5928 /* Assets.xcassets */ = {isa = PBXFileReference; lastKnownFileType = folder.assetcatalog; path = Assets.xcassets; sourceTree = "<group>"; };
		8667975C225405DF00AB5928 /* Base */ = {isa = PBXFileReference; lastKnownFileType = file.storyboard; name = Base; path = Base.lproj/LaunchScreen.storyboard; sourceTree = "<group>"; };
		8667975E225405DF00AB5928 /* Info.plist */ = {isa = PBXFileReference; lastKnownFileType = text.plist.xml; path = Info.plist; sourceTree = "<group>"; };
/* End PBXFileReference section */

/* Begin PBXFrameworksBuildPhase section */
		86679746225405DD00AB5928 /* Frameworks */ = {
			isa = PBXFrameworksBuildPhase;
			buildActionMask = 2147483647;
			files = (
			);
			runOnlyForDeploymentPostprocessing = 0;
		};
/* End PBXFrameworksBuildPhase section */

/* Begin PBXGroup section */
		86679740225405DD00AB5928 = {
			isa = PBXGroup;
			children = (
				8667974B225405DD00AB5928 /* AlienDev */,
				8667974A225405DD00AB5928 /* Products */,
			);
			sourceTree = "<group>";
		};
		8667974A225405DD00AB5928 /* Products */ = {
			isa = PBXGroup;
			children = (
				86679749225405DD00AB5928 /* AlienDev.app */,
			);
			name = Products;
			sourceTree = "<group>";
		};
		8667974B225405DD00AB5928 /* AlienDev */ = {
			isa = PBXGroup;
			children = (
				8667974C225405DD00AB5928 /* AppDelegate.swift */,
				8667974E225405DD00AB5928 /* GameScene.sks */,
				86679750225405DD00AB5928 /* Actions.sks */,
				86679752225405DD00AB5928 /* GameScene.swift */,
				86679754225405DD00AB5928 /* GameViewController.swift */,
				86679756225405DE00AB5928 /* Main.storyboard */,
				86679759225405DF00AB5928 /* Assets.xcassets */,
				8667975B225405DF00AB5928 /* LaunchScreen.storyboard */,
				8667975E225405DF00AB5928 /* Info.plist */,
			);
			path = AlienDev;
			sourceTree = "<group>";
		};
/* End PBXGroup section */

/* Begin PBXNativeTarget section */
		86679748225405DD00AB5928 /* AlienDev */ = {
			isa = PBXNativeTarget;
			buildConfigurationList = 86679761225405DF00AB5928 /* Build configuration list for PBXNativeTarget "AlienDev" */;
			buildPhases = (
				86679745225405DD00AB5928 /* Sources */,
				86679746225405DD00AB5928 /* Frameworks */,
				86679747225405DD00AB5928 /* Resources */,
			);
			buildRules = (
			);
			dependencies = (
			);
			name = AlienDev;
			productName = AlienDev;
			productReference = 86679749225405DD00AB5928 /* AlienDev.app */;
			productType = "com.apple.product-type.application";
		};
/* End PBXNativeTarget section */

/* Begin PBXProject section */
		86679741225405DD00AB5928 /* Project object */ = {
			isa = PBXProject;
			attributes = {
				LastSwiftUpdateCheck = 1020;
				LastUpgradeCheck = 1020;
				ORGANIZATIONNAME = "william boney";
				TargetAttributes = {
					86679748225405DD00AB5928 = {
						CreatedOnToolsVersion = 10.2;
					};
				};
			};
			buildConfigurationList = 86679744225405DD00AB5928 /* Build configuration list for PBXProject "AlienDev" */;
			compatibilityVersion = "Xcode 9.3";
			developmentRegion = en;
			hasScannedForEncodings = 0;
			knownRegions = (
				en,
				Base,
			);
			mainGroup = 86679740225405DD00AB5928;
			productRefGroup = 8667974A225405DD00AB5928 /* Products */;
			projectDirPath = "";
			projectRoot = "";
			targets = (
				86679748225405DD00AB5928 /* AlienDev */,
			);
		};
/* End PBXProject section */

/* Begin PBXResourcesBuildPhase section */
		86679747225405DD00AB5928 /* Resources */ = {
			isa = PBXResourcesBuildPhase;
			buildActionMask = 2147483647;
			files = (
				86679758225405DE00AB5928 /* Main.storyboard in Resources */,
				8667974F225405DD00AB5928 /* GameScene.sks in Resources */,
				8667975A225405DF00AB5928 /* Assets.xcassets in Resources */,
				8667975D225405DF00AB5928 /* LaunchScreen.storyboard in Resources */,
				86679751225405DD00AB5928 /* Actions.sks in Resources */,
			);
			runOnlyForDeploymentPostprocessing = 0;
		};
/* End PBXResourcesBuildPhase section */

/* Begin PBXSourcesBuildPhase section */
		86679745225405DD00AB5928 /* Sources */ = {
			isa = PBXSourcesBuildPhase;
			buildActionMask = 2147483647;
			files = (
				86679753225405DD00AB5928 /* GameScene.swift in Sources */,
				86679755225405DD00AB5928 /* GameViewController.swift in Sources */,
				8667974D225405DD00AB5928 /* AppDelegate.swift in Sources */,
			);
			runOnlyForDeploymentPostprocessing = 0;
		};
/* End PBXSourcesBuildPhase section */

/* Begin PBXVariantGroup section */
		86679756225405DE00AB5928 /* Main.storyboard */ = {
			isa = PBXVariantGroup;
			children = (
				86679757225405DE00AB5928 /* Base */,
			);
			name = Main.storyboard;
			sourceTree = "<group>";
		};
		8667975B225405DF00AB5928 /* LaunchScreen.storyboard */ = {
			isa = PBXVariantGroup;
			children = (
				8667975C225405DF00AB5928 /* Base */,
			);
			name = LaunchScreen.storyboard;
			sourceTree = "<group>";
		};
/* End PBXVariantGroup section */

/* Begin XCBuildConfiguration section */
		8667975F225405DF00AB5928 /* Debug */ = {
			isa = XCBuildConfiguration;
			buildSettings = {
				ALWAYS_SEARCH_USER_PATHS = NO;
				CLANG_ANALYZER_NONNULL = YES;
				CLANG_ANALYZER_NUMBER_OBJECT_CONVERSION = YES_AGGRESSIVE;
				CLANG_CXX_LANGUAGE_STANDARD = "gnu++14";
				CLANG_CXX_LIBRARY = "libc++";
				CLANG_ENABLE_MODULES = YES;
				CLANG_ENABLE_OBJC_ARC = YES;
				CLANG_ENABLE_OBJC_WEAK = YES;
				CLANG_WARN_BLOCK_CAPTURE_AUTORELEASING = YES;
				CLANG_WARN_BOOL_CONVERSION = YES;
				CLANG_WARN_COMMA = YES;
				CLANG_WARN_CONSTANT_CONVERSION = YES;
				CLANG_WARN_DEPRECATED_OBJC_IMPLEMENTATIONS = YES;
				CLANG_WARN_DIRECT_OBJC_ISA_USAGE = YES_ERROR;
				CLANG_WARN_DOCUMENTATION_COMMENTS = YES;
				CLANG_WARN_EMPTY_BODY = YES;
				CLANG_WARN_ENUM_CONVERSION = YES;
				CLANG_WARN_INFINITE_RECURSION = YES;
				CLANG_WARN_INT_CONVERSION = YES;
				CLANG_WARN_NON_LITERAL_NULL_CONVERSION = YES;
				CLANG_WARN_OBJC_IMPLICIT_RETAIN_SELF = YES;
				CLANG_WARN_OBJC_LITERAL_CONVERSION = YES;
				CLANG_WARN_OBJC_ROOT_CLASS = YES_ERROR;
				CLANG_WARN_RANGE_LOOP_ANALYSIS = YES;
				CLANG_WARN_STRICT_PROTOTYPES = YES;
				CLANG_WARN_SUSPICIOUS_MOVE = YES;
				CLANG_WARN_UNGUARDED_AVAILABILITY = YES_AGGRESSIVE;
				CLANG_WARN_UNREACHABLE_CODE = YES;
				CLANG_WARN__DUPLICATE_METHOD_MATCH = YES;
				CODE_SIGN_IDENTITY = "iPhone Developer";
				COPY_PHASE_STRIP = NO;
				DEBUG_INFORMATION_FORMAT = dwarf;
				ENABLE_STRICT_OBJC_MSGSEND = YES;
				ENABLE_TESTABILITY = YES;
				GCC_C_LANGUAGE_STANDARD = gnu11;
				GCC_DYNAMIC_NO_PIC = NO;
				GCC_NO_COMMON_BLOCKS = YES;
				GCC_OPTIMIZATION_LEVEL = 0;
				GCC_PREPROCESSOR_DEFINITIONS = (
					"DEBUG=1",
					"$(inherited)",
				);
				GCC_WARN_64_TO_32_BIT_CONVERSION = YES;
				GCC_WARN_ABOUT_RETURN_TYPE = YES_ERROR;
				GCC_WARN_UNDECLARED_SELECTOR = YES;
				GCC_WARN_UNINITIALIZED_AUTOS = YES_AGGRESSIVE;
				GCC_WARN_UNUSED_FUNCTION = YES;
				GCC_WARN_UNUSED_VARIABLE = YES;
				IPHONEOS_DEPLOYMENT_TARGET = 12.2;
				MTL_ENABLE_DEBUG_INFO = INCLUDE_SOURCE;
				MTL_FAST_MATH = YES;
				ONLY_ACTIVE_ARCH = YES;
				SDKROOT = iphoneos;
				SWIFT_ACTIVE_COMPILATION_CONDITIONS = DEBUG;
				SWIFT_OPTIMIZATION_LEVEL = "-Onone";
			};
			name = Debug;
		};
		86679760225405DF00AB5928 /* Release */ = {
			isa = XCBuildConfiguration;
			buildSettings = {
				ALWAYS_SEARCH_USER_PATHS = NO;
				CLANG_ANALYZER_NONNULL = YES;
				CLANG_ANALYZER_NUMBER_OBJECT_CONVERSION = YES_AGGRESSIVE;
				CLANG_CXX_LANGUAGE_STANDARD = "gnu++14";
				CLANG_CXX_LIBRARY = "libc++";
				CLANG_ENABLE_MODULES = YES;
				CLANG_ENABLE_OBJC_ARC = YES;
				CLANG_ENABLE_OBJC_WEAK = YES;
				CLANG_WARN_BLOCK_CAPTURE_AUTORELEASING = YES;
				CLANG_WARN_BOOL_CONVERSION = YES;
				CLANG_WARN_COMMA = YES;
				CLANG_WARN_CONSTANT_CONVERSION = YES;
				CLANG_WARN_DEPRECATED_OBJC_IMPLEMENTATIONS = YES;
				CLANG_WARN_DIRECT_OBJC_ISA_USAGE = YES_ERROR;
				CLANG_WARN_DOCUMENTATION_COMMENTS = YES;
				CLANG_WARN_EMPTY_BODY = YES;
				CLANG_WARN_ENUM_CONVERSION = YES;
				CLANG_WARN_INFINITE_RECURSION = YES;
				CLANG_WARN_INT_CONVERSION = YES;
				CLANG_WARN_NON_LITERAL_NULL_CONVERSION = YES;
				CLANG_WARN_OBJC_IMPLICIT_RETAIN_SELF = YES;
				CLANG_WARN_OBJC_LITERAL_CONVERSION = YES;
				CLANG_WARN_OBJC_ROOT_CLASS = YES_ERROR;
				CLANG_WARN_RANGE_LOOP_ANALYSIS = YES;
				CLANG_WARN_STRICT_PROTOTYPES = YES;
				CLANG_WARN_SUSPICIOUS_MOVE = YES;
				CLANG_WARN_UNGUARDED_AVAILABILITY = YES_AGGRESSIVE;
				CLANG_WARN_UNREACHABLE_CODE = YES;
				CLANG_WARN__DUPLICATE_METHOD_MATCH = YES;
				CODE_SIGN_IDENTITY = "iPhone Developer";
				COPY_PHASE_STRIP = NO;
				DEBUG_INFORMATION_FORMAT = "dwarf-with-dsym";
				ENABLE_NS_ASSERTIONS = NO;
				ENABLE_STRICT_OBJC_MSGSEND = YES;
				GCC_C_LANGUAGE_STANDARD = gnu11;
				GCC_NO_COMMON_BLOCKS = YES;
				GCC_WARN_64_TO_32_BIT_CONVERSION = YES;
				GCC_WARN_ABOUT_RETURN_TYPE = YES_ERROR;
				GCC_WARN_UNDECLARED_SELECTOR = YES;
				GCC_WARN_UNINITIALIZED_AUTOS = YES_AGGRESSIVE;
				GCC_WARN_UNUSED_FUNCTION = YES;
				GCC_WARN_UNUSED_VARIABLE = YES;
				IPHONEOS_DEPLOYMENT_TARGET = 12.2;
				MTL_ENABLE_DEBUG_INFO = NO;
				MTL_FAST_MATH = YES;
				SDKROOT = iphoneos;
				SWIFT_COMPILATION_MODE = wholemodule;
				SWIFT_OPTIMIZATION_LEVEL = "-O";
				VALIDATE_PRODUCT = YES;
			};
			name = Release;
		};
		86679762225405DF00AB5928 /* Debug */ = {
			isa = XCBuildConfiguration;
			buildSettings = {
				ASSETCATALOG_COMPILER_APPICON_NAME = AppIcon;
				ASSETCATALOG_COMPILER_LAUNCHIMAGE_NAME = LaunchImage;
				CODE_SIGN_STYLE = Automatic;
				DEVELOPMENT_TEAM = D75HHS9KD2;
				INFOPLIST_FILE = AlienDev/Info.plist;
				LD_RUNPATH_SEARCH_PATHS = (
					"$(inherited)",
					"@executable_path/Frameworks",
				);
				PRODUCT_BUNDLE_IDENTIFIER = Boney.AlienDev;
				PRODUCT_NAME = "$(TARGET_NAME)";
				SWIFT_VERSION = 5.0;
				TARGETED_DEVICE_FAMILY = 1;
			};
			name = Debug;
		};
		86679763225405DF00AB5928 /* Release */ = {
			isa = XCBuildConfiguration;
			buildSettings = {
				ASSETCATALOG_COMPILER_APPICON_NAME = AppIcon;
				ASSETCATALOG_COMPILER_LAUNCHIMAGE_NAME = LaunchImage;
				CODE_SIGN_STYLE = Automatic;
				DEVELOPMENT_TEAM = D75HHS9KD2;
				INFOPLIST_FILE = AlienDev/Info.plist;
				LD_RUNPATH_SEARCH_PATHS = (
					"$(inherited)",
					"@executable_path/Frameworks",
				);
				PRODUCT_BUNDLE_IDENTIFIER = Boney.AlienDev;
				PRODUCT_NAME = "$(TARGET_NAME)";
				SWIFT_VERSION = 5.0;
				TARGETED_DEVICE_FAMILY = 1;
			};
			name = Release;
		};
/* End XCBuildConfiguration section */

/* Begin XCConfigurationList section */
		86679744225405DD00AB5928 /* Build configuration list for PBXProject "AlienDev" */ = {
			isa = XCConfigurationList;
			buildConfigurations = (
				8667975F225405DF00AB5928 /* Debug */,
				86679760225405DF00AB5928 /* Release */,
			);
			defaultConfigurationIsVisible = 0;
			defaultConfigurationName = Release;
		};
		86679761225405DF00AB5928 /* Build configuration list for PBXNativeTarget "AlienDev" */ = {
			isa = XCConfigurationList;
			buildConfigurations = (
				86679762225405DF00AB5928 /* Debug */,
				86679763225405DF00AB5928 /* Release */,
			);
			defaultConfigurationIsVisible = 0;
			defaultConfigurationName = Release;
		};
/* End XCConfigurationList section */
	};
	rootObject = 86679741225405DD00AB5928 /* Project object */;
}
